
Microsoft Visual Studio Solution File, Format Version 12.00
# Visual Studio 15
VisualStudioVersion = 15.0.26403.0
MinimumVisualStudioVersion = 10.0.40219.1
Project("{FAE04EC0-301F-11D3-BF4B-00C04F79EFBC}") = "Bing_Wallpaper", "Bing_Wallpaper\Bing_Wallpaper.csproj", "{2C84BAB9-C02F-4E3D-BD94-6881CC81BE02}"
EndProject
Global
	GlobalSection(SolutionConfigurationPlatforms) = preSolution
		Debug|Any CPU = Debug|Any CPU
		Release|Any CPU = Release|Any CPU
	EndGlobalSection
	GlobalSection(ProjectConfigurationPlatforms) = postSolution
		{2C84BAB9-C02F-4E3D-BD94-6881CC81BE02}.Debug|Any CPU.ActiveCfg = Debug|Any CPU
		{2C84BAB9-C02F-4E3D-BD94-6881CC81BE02}.Debug|Any CPU.Build.0 = Debug|Any CPU
		{2C84BAB9-C02F-4E3D-BD94-6881CC81BE02}.Release|Any CPU.ActiveCfg = Release|Any CPU
		{2C84BAB9-C02F-4E3D-BD94-6881CC81BE02}.Release|Any CPU.Build.0 = Release|Any CPU
	EndGlobalSection
	GlobalSection(SolutionProperties) = preSolution
		HideSolutionNode = FALSE
	EndGlobalSection
EndGlobal
